// !$*UTF8*$!
{
	archiveVersion = 1;
	classes = {
	};
	objectVersion = 100;
	objects = {

/* Begin PBXBuildFile section */
		214E46CD2F9DA07D006793F2 /* AVRouting.framework in Frameworks */ = {isa = PBXBuildFile; fileRef = 214E46CC2F9DA07D006793F2 /* AVRouting.framework */; };
		215545792F9E4B7E004C065D /* LNPopupUI-Static in Frameworks */ = {isa = PBXBuildFile; productRef = 215545782F9E4B7E004C065D /* LNPopupUI-Static */; };
		21632F1C2FA123FB0066AD4E /* (null) in Frameworks */ = {isa = PBXBuildFile; };
		21632F1E2FA123FB0066AD4E /* (null) in Frameworks */ = {isa = PBXBuildFile; };
		216872852FAF8A0800A6006A /* FFmpeg-iOS in Frameworks */ = {isa = PBXBuildFile; productRef = 216872842FAF8A0800A6006A /* FFmpeg-iOS */; };
		216EEDC02F9D3316004DEA56 /* AVFAudio.framework in Frameworks */ = {isa = PBXBuildFile; fileRef = 216EEDBE2F9D3313004DEA56 /* AVFAudio.framework */; };
		216EEDC32F9D3317004DEA56 /* AVFoundation.framework in Frameworks */ = {isa = PBXBuildFile; fileRef = 216EEDBA2F9D3301004DEA56 /* AVFoundation.framework */; };
		216EEDC52F9D3319004DEA56 /* AVKit.framework in Frameworks */ = {isa = PBXBuildFile; fileRef = 216EEDBC2F9D330C004DEA56 /* AVKit.framework */; };
/* End PBXBuildFile section */

/* Begin PBXFileReference section */
		214E46CC2F9DA07D006793F2 /* AVRouting.framework */ = {isa = PBXFileReference; lastKnownFileType = wrapper.framework; name = AVRouting.framework; path = Platforms/iPhoneOS.platform/Developer/SDKs/iPhoneOS26.4.sdk/System/Library/Frameworks/AVRouting.framework; sourceTree = DEVELOPER_DIR; };
		216EECC22F9D1465004DEA56 /* funPlayer.app */ = {isa = PBXFileReference; explicitFileType = wrapper.application; includeInIndex = 0; path = funPlayer.app; sourceTree = BUILT_PRODUCTS_DIR; };
		216EEDBA2F9D3301004DEA56 /* AVFoundation.framework */ = {isa = PBXFileReference; lastKnownFileType = wrapper.framework; name = AVFoundation.framework; path = Platforms/iPhoneOS.platform/Developer/SDKs/iPhoneOS26.4.sdk/System/Library/Frameworks/AVFoundation.framework; sourceTree = DEVELOPER_DIR; };
		216EEDBC2F9D330C004DEA56 /* AVKit.framework */ = {isa = PBXFileReference; lastKnownFileType = wrapper.framework; name = AVKit.framework; path = Platforms/iPhoneOS.platform/Developer/SDKs/iPhoneOS26.4.sdk/System/Library/Frameworks/AVKit.framework; sourceTree = DEVELOPER_DIR; };
		216EEDBE2F9D3313004DEA56 /* AVFAudio.framework */ = {isa = PBXFileReference; lastKnownFileType = wrapper.framework; name = AVFAudio.framework; path = Platforms/iPhoneOS.platform/Developer/SDKs/iPhoneOS26.4.sdk/System/Library/Frameworks/AVFAudio.framework; sourceTree = DEVELOPER_DIR; };
/* End PBXFileReference section */

/* Begin PBXFileSystemSynchronizedRootGroup section */
		216EECC42F9D1465004DEA56 /* funPlayer */ = {
			isa = PBXFileSystemSynchronizedRootGroup;
			path = funPlayer;
			sourceTree = "<group>";
		};
/* End PBXFileSystemSynchronizedRootGroup section */

/* Begin PBXFrameworksBuildPhase section */
		216EECBF2F9D1464004DEA56 /* Frameworks */ = {
			isa = PBXFrameworksBuildPhase;
			files = (
				215545792F9E4B7E004C065D /* LNPopupUI-Static in Frameworks */,
				21632F1C2FA123FB0066AD4E /* (null) in Frameworks */,
				216EEDC02F9D3316004DEA56 /* AVFAudio.framework in Frameworks */,
				216EEDC32F9D3317004DEA56 /* AVFoundation.framework in Frameworks */,
				214E46CD2F9DA07D006793F2 /* AVRouting.framework in Frameworks */,
				216EEDC52F9D3319004DEA56 /* AVKit.framework in Frameworks */,
				21632F1E2FA123FB0066AD4E /* (null) in Frameworks */,
				216872852FAF8A0800A6006A /* FFmpeg-iOS in Frameworks */,
			);
		};
/* End PBXFrameworksBuildPhase section */

/* Begin PBXGroup section */
		216EECB92F9D1464004DEA56 = {
			isa = PBXGroup;
			children = (
				216EECC42F9D1465004DEA56 /* funPlayer */,
				216EEDB92F9D3301004DEA56 /* Frameworks */,
				216EECC32F9D1465004DEA56 /* Products */,
			);
			sourceTree = "<group>";
		};
		216EECC32F9D1465004DEA56 /* Products */ = {
			isa = PBXGroup;
			children = (
				216EECC22F9D1465004DEA56 /* funPlayer.app */,
			);
			name = Products;
			sourceTree = "<group>";
		};
		216EEDB92F9D3301004DEA56 /* Frameworks */ = {
			isa = PBXGroup;
			children = (
				214E46CC2F9DA07D006793F2 /* AVRouting.framework */,
				216EEDBE2F9D3313004DEA56 /* AVFAudio.framework */,
				216EEDBC2F9D330C004DEA56 /* AVKit.framework */,
				216EEDBA2F9D3301004DEA56 /* AVFoundation.framework */,
			);
			name = Frameworks;
			sourceTree = "<group>";
		};
/* End PBXGroup section */

/* Begin PBXNativeTarget section */
		216EECC12F9D1464004DEA56 /* funPlayer */ = {
			isa = PBXNativeTarget;
			buildConfigurationList = 216EECCF2F9D1467004DEA56 /* Build configuration list for PBXNativeTarget "funPlayer" */;
			buildPhases = (
				216EECBE2F9D1464004DEA56 /* Sources */,
				216EECBF2F9D1464004DEA56 /* Frameworks */,
				216EECC02F9D1464004DEA56 /* Resources */,
			);
			buildRules = (
			);
			fileSystemSynchronizedGroups = (
				216EECC42F9D1465004DEA56 /* funPlayer */,
			);
			name = funPlayer;
			packageProductDependencies = (
				215545782F9E4B7E004C065D /* LNPopupUI-Static */,
				216872842FAF8A0800A6006A /* FFmpeg-iOS */,
			);
			productName = funPlayer;
			productReference = 216EECC22F9D1465004DEA56 /* funPlayer.app */;
			productType = "com.apple.product-type.application";
		};
/* End PBXNativeTarget section */

/* Begin PBXProject section */
		216EECBA2F9D1464004DEA56 /* Project object */ = {
			isa = PBXProject;
			attributes = {
				BuildIndependentTargetsInParallel = 1;
				LastSwiftUpdateCheck = 2640;
				LastUpgradeCheck = 2640;
				TargetAttributes = {
					216EECC12F9D1464004DEA56 = {
						CreatedOnToolsVersion = 26.4.1;
					};
				};
			};
			buildConfigurationList = 216EECBD2F9D1464004DEA56 /* Build configuration list for PBXProject "funPlayer" */;
			developmentRegion = en;
			hasScannedForEncodings = 0;
			knownRegions = (
				en,
				Base,
			);
			mainGroup = 216EECB92F9D1464004DEA56;
			minimizedProjectReferenceProxies = 1;
			packageReferences = (
				215545752F9E4B7E004C065D /* XCRemoteSwiftPackageReference "LNPopupUI" */,
				216872832FAF8A0800A6006A /* XCRemoteSwiftPackageReference "FFmpeg-iOS" */,
			);
			preferredProjectObjectVersion = 100;
			productRefGroup = 216EECC32F9D1465004DEA56 /* Products */;
			projectDirPath = "";
			projectRoot = "";
			targets = (
				216EECC12F9D1464004DEA56 /* funPlayer */,
			);
		};
/* End PBXProject section */

/* Begin PBXResourcesBuildPhase section */
		216EECC02F9D1464004DEA56 /* Resources */ = {
			isa = PBXResourcesBuildPhase;
			files = (
			);
		};
/* End PBXResourcesBuildPhase section */

/* Begin PBXSourcesBuildPhase section */
		216EECBE2F9D1464004DEA56 /* Sources */ = {
			isa = PBXSourcesBuildPhase;
			files = (
			);
		};
/* End PBXSourcesBuildPhase section */

/* Begin XCBuildConfiguration section */
		216EECCD2F9D1467004DEA56 /* Debug configuration for PBXProject "funPlayer" */ = {
			isa = XCBuildConfiguration;
			buildSettings = {
				ALWAYS_SEARCH_USER_PATHS = NO;
				ASSETCATALOG_COMPILER_GENERATE_SWIFT_ASSET_SYMBOL_EXTENSIONS = YES;
				CLANG_ANALYZER_NONNULL = YES;
				CLANG_ANALYZER_NUMBER_OBJECT_CONVERSION = YES_AGGRESSIVE;
				CLANG_CXX_LANGUAGE_STANDARD = "gnu++20";
				CLANG_ENABLE_MODULES = YES;
				CLANG_ENABLE_OBJC_ARC = YES;
				CLANG_ENABLE_OBJC_WEAK = YES;
				CLANG_WARN_BLOCK_CAPTURE_AUTORELEASING = YES;
				CLANG_WARN_BOOL_CONVERSION = YES;
				CLANG_WARN_COMMA = YES;
				CLANG_WARN_CONSTANT_CONVERSION = YES;
				CLANG_WARN_DEPRECATED_OBJC_IMPLEMENTATIONS = YES;
				CLANG_WARN_DIRECT_OBJC_ISA_USAGE = YES_ERROR;
				CLANG_WARN_DOCUMENTATION_COMMENTS = YES;
				CLANG_WARN_EMPTY_BODY = YES;
				CLANG_WARN_ENUM_CONVERSION = YES;
				CLANG_WARN_INFINITE_RECURSION = YES;
				CLANG_WARN_INT_CONVERSION = YES;
				CLANG_WARN_NON_LITERAL_NULL_CONVERSION = YES;
				CLANG_WARN_OBJC_IMPLICIT_RETAIN_SELF = YES;
				CLANG_WARN_OBJC_LITERAL_CONVERSION = YES;
				CLANG_WARN_OBJC_ROOT_CLASS = YES_ERROR;
				CLANG_WARN_QUOTED_INCLUDE_IN_FRAMEWORK_HEADER = YES;
				CLANG_WARN_RANGE_LOOP_ANALYSIS = YES;
				CLANG_WARN_STRICT_PROTOTYPES = YES;
				CLANG_WARN_SUSPICIOUS_MOVE = YES;
				CLANG_WARN_UNGUARDED_AVAILABILITY = YES_AGGRESSIVE;
				CLANG_WARN_UNREACHABLE_CODE = YES;
				CLANG_WARN__DUPLICATE_METHOD_MATCH = YES;
				COPY_PHASE_STRIP = NO;
				DEBUG_INFORMATION_FORMAT = dwarf;
				DEVELOPMENT_TEAM = NY4ZC4A3DN;
				ENABLE_STRICT_OBJC_MSGSEND = YES;
				ENABLE_TESTABILITY = YES;
				ENABLE_USER_SCRIPT_SANDBOXING = YES;
				GCC_C_LANGUAGE_STANDARD = gnu17;
				GCC_DYNAMIC_NO_PIC = NO;
				GCC_NO_COMMON_BLOCKS = YES;
				GCC_OPTIMIZATION_LEVEL = 0;
				GCC_PREPROCESSOR_DEFINITIONS = (
					"DEBUG=1",
					"$(inherited)",
				);
				GCC_WARN_64_TO_32_BIT_CONVERSION = YES;
				GCC_WARN_ABOUT_RETURN_TYPE = YES_ERROR;
				GCC_WARN_UNDECLARED_SELECTOR = YES;
				GCC_WARN_UNINITIALIZED_AUTOS = YES_AGGRESSIVE;
				GCC_WARN_UNUSED_FUNCTION = YES;
				GCC_WARN_UNUSED_VARIABLE = YES;
				LOCALIZATION_PREFERS_STRING_CATALOGS = YES;
				MTL_ENABLE_DEBUG_INFO = INCLUDE_SOURCE;
				MTL_FAST_MATH = YES;
				ONLY_ACTIVE_ARCH = YES;
				SWIFT_ACTIVE_COMPILATION_CONDITIONS = "DEBUG $(inherited)";
				SWIFT_OPTIMIZATION_LEVEL = "-Onone";
			};
			name = Debug;
		};
		216EECCE2F9D1467004DEA56 /* Release configuration for PBXProject "funPlayer" */ = {
			isa = XCBuildConfiguration;
			buildSettings = {
				ALWAYS_SEARCH_USER_PATHS = NO;
				ASSETCATALOG_COMPILER_GENERATE_SWIFT_ASSET_SYMBOL_EXTENSIONS = YES;
				CLANG_ANALYZER_NONNULL = YES;
				CLANG_ANALYZER_NUMBER_OBJECT_CONVERSION = YES_AGGRESSIVE;
				CLANG_CXX_LANGUAGE_STANDARD = "gnu++20";
				CLANG_ENABLE_MODULES = YES;
				CLANG_ENABLE_OBJC_ARC = YES;
				CLANG_ENABLE_OBJC_WEAK = YES;
				CLANG_WARN_BLOCK_CAPTURE_AUTORELEASING = YES;
				CLANG_WARN_BOOL_CONVERSION = YES;
				CLANG_WARN_COMMA = YES;
				CLANG_WARN_CONSTANT_CONVERSION = YES;
				CLANG_WARN_DEPRECATED_OBJC_IMPLEMENTATIONS = YES;
				CLANG_WARN_DIRECT_OBJC_ISA_USAGE = YES_ERROR;
				CLANG_WARN_DOCUMENTATION_COMMENTS = YES;
				CLANG_WARN_EMPTY_BODY = YES;
				CLANG_WARN_ENUM_CONVERSION = YES;
				CLANG_WARN_INFINITE_RECURSION = YES;
				CLANG_WARN_INT_CONVERSION = YES;
				CLANG_WARN_NON_LITERAL_NULL_CONVERSION = YES;
				CLANG_WARN_OBJC_IMPLICIT_RETAIN_SELF = YES;
				CLANG_WARN_OBJC_LITERAL_CONVERSION = YES;
				CLANG_WARN_OBJC_ROOT_CLASS = YES_ERROR;
				CLANG_WARN_QUOTED_INCLUDE_IN_FRAMEWORK_HEADER = YES;
				CLANG_WARN_RANGE_LOOP_ANALYSIS = YES;
				CLANG_WARN_STRICT_PROTOTYPES = YES;
				CLANG_WARN_SUSPICIOUS_MOVE = YES;
				CLANG_WARN_UNGUARDED_AVAILABILITY = YES_AGGRESSIVE;
				CLANG_WARN_UNREACHABLE_CODE = YES;
				CLANG_WARN__DUPLICATE_METHOD_MATCH = YES;
				COPY_PHASE_STRIP = NO;
				DEBUG_INFORMATION_FORMAT = "dwarf-with-dsym";
				DEVELOPMENT_TEAM = NY4ZC4A3DN;
				ENABLE_NS_ASSERTIONS = NO;
				ENABLE_STRICT_OBJC_MSGSEND = YES;
				ENABLE_USER_SCRIPT_SANDBOXING = YES;
				GCC_C_LANGUAGE_STANDARD = gnu17;
				GCC_NO_COMMON_BLOCKS = YES;
				GCC_WARN_64_TO_32_BIT_CONVERSION = YES;
				GCC_WARN_ABOUT_RETURN_TYPE = YES_ERROR;
				GCC_WARN_UNDECLARED_SELECTOR = YES;
				GCC_WARN_UNINITIALIZED_AUTOS = YES_AGGRESSIVE;
				GCC_WARN_UNUSED_FUNCTION = YES;
				GCC_WARN_UNUSED_VARIABLE = YES;
				LOCALIZATION_PREFERS_STRING_CATALOGS = YES;
				MTL_ENABLE_DEBUG_INFO = NO;
				MTL_FAST_MATH = YES;
				SWIFT_COMPILATION_MODE = wholemodule;
			};
			name = Release;
		};
		216EECD02F9D1467004DEA56 /* Debug configuration for PBXNativeTarget "funPlayer" */ = {
			isa = XCBuildConfiguration;
			buildSettings = {
				ASSETCATALOG_COMPILER_APPICON_NAME = AppIcon;
				ASSETCATALOG_COMPILER_GLOBAL_ACCENT_COLOR_NAME = AccentColor;
				ASSETCATALOG_COMPILER_INCLUDE_ALL_APPICON_ASSETS = YES;
				CODE_SIGN_STYLE = Automatic;
				CURRENT_PROJECT_VERSION = 1;
				DEVELOPMENT_TEAM = NY4ZC4A3DN;
				ENABLE_APP_SANDBOX = YES;
				ENABLE_HARDENED_RUNTIME = YES;
				ENABLE_PREVIEWS = YES;
				ENABLE_USER_SELECTED_FILES = readonly;
				GENERATE_INFOPLIST_FILE = NO;
				INFOPLIST_FILE = Info.plist;
				IPHONEOS_DEPLOYMENT_TARGET = 26.4;
				"IPHONEOS_DEPLOYMENT_TARGET[sdk=iphoneos*]" = 26.4;
				LD_RUNPATH_SEARCH_PATHS = "@executable_path/Frameworks";
				"LD_RUNPATH_SEARCH_PATHS[sdk=macosx*]" = "@executable_path/../Frameworks";
				MACOSX_DEPLOYMENT_TARGET = 26.2;
				MARKETING_VERSION = 1.0;
				PRODUCT_BUNDLE_IDENTIFIER = com.fengluoxiao.funPlayer;
				PRODUCT_NAME = "$(TARGET_NAME)";
				REGISTER_APP_GROUPS = YES;
				SDKROOT = auto;
				STRING_CATALOG_GENERATE_SYMBOLS = YES;
				SUPPORTED_PLATFORMS = "iphoneos iphonesimulator";
				SUPPORTS_MACCATALYST = NO;
				SWIFT_APPROACHABLE_CONCURRENCY = YES;
				SWIFT_DEFAULT_ACTOR_ISOLATION = MainActor;
				SWIFT_EMIT_LOC_STRINGS = YES;
				SWIFT_UPCOMING_FEATURE_MEMBER_IMPORT_VISIBILITY = YES;
				SWIFT_VERSION = 5.0;
				TARGETED_DEVICE_FAMILY = "1,2";
				XROS_DEPLOYMENT_TARGET = 26.4;
			};
			name = Debug;
		};
		216EECD12F9D1467004DEA56 /* Release configuration for PBXNativeTarget "funPlayer" */ = {
			isa = XCBuildConfiguration;
			buildSettings = {
				ASSETCATALOG_COMPILER_APPICON_NAME = AppIcon;
				ASSETCATALOG_COMPILER_GLOBAL_ACCENT_COLOR_NAME = AccentColor;
				ASSETCATALOG_COMPILER_INCLUDE_ALL_APPICON_ASSETS = YES;
				CODE_SIGN_STYLE = Automatic;
				CURRENT_PROJECT_VERSION = 1;
				DEVELOPMENT_TEAM = NY4ZC4A3DN;
				ENABLE_APP_SANDBOX = YES;
				ENABLE_HARDENED_RUNTIME = YES;
				ENABLE_PREVIEWS = YES;
				ENABLE_USER_SELECTED_FILES = readonly;
				GENERATE_INFOPLIST_FILE = NO;
				INFOPLIST_FILE = Info.plist;
				IPHONEOS_DEPLOYMENT_TARGET = 26.4;
				"IPHONEOS_DEPLOYMENT_TARGET[sdk=iphoneos*]" = 26.4;
				LD_RUNPATH_SEARCH_PATHS = "@executable_path/Frameworks";
				"LD_RUNPATH_SEARCH_PATHS[sdk=macosx*]" = "@executable_path/../Frameworks";
				MACOSX_DEPLOYMENT_TARGET = 26.2;
				MARKETING_VERSION = 1.0;
				PRODUCT_BUNDLE_IDENTIFIER = com.fengluoxiao.funPlayer;
				PRODUCT_NAME = "$(TARGET_NAME)";
				REGISTER_APP_GROUPS = YES;
				SDKROOT = auto;
				STRING_CATALOG_GENERATE_SYMBOLS = YES;
				SUPPORTED_PLATFORMS = "iphoneos iphonesimulator";
				SUPPORTS_MACCATALYST = NO;
				SWIFT_APPROACHABLE_CONCURRENCY = YES;
				SWIFT_DEFAULT_ACTOR_ISOLATION = MainActor;
				SWIFT_EMIT_LOC_STRINGS = YES;
				SWIFT_UPCOMING_FEATURE_MEMBER_IMPORT_VISIBILITY = YES;
				SWIFT_VERSION = 5.0;
				TARGETED_DEVICE_FAMILY = "1,2";
				XROS_DEPLOYMENT_TARGET = 26.4;
			};
			name = Release;
		};
/* End XCBuildConfiguration section */

/* Begin XCConfigurationList section */
		216EECBD2F9D1464004DEA56 /* Build configuration list for PBXProject "funPlayer" */ = {
			isa = XCConfigurationList;
			buildConfigurations = (
				216EECCD2F9D1467004DEA56 /* Debug configuration for PBXProject "funPlayer" */,
				216EECCE2F9D1467004DEA56 /* Release configuration for PBXProject "funPlayer" */,
			);
			defaultConfigurationName = Release;
		};
		216EECCF2F9D1467004DEA56 /* Build configuration list for PBXNativeTarget "funPlayer" */ = {
			isa = XCConfigurationList;
			buildConfigurations = (
				216EECD02F9D1467004DEA56 /* Debug configuration for PBXNativeTarget "funPlayer" */,
				216EECD12F9D1467004DEA56 /* Release configuration for PBXNativeTarget "funPlayer" */,
			);
			defaultConfigurationName = Release;
		};
/* End XCConfigurationList section */

/* Begin XCRemoteSwiftPackageReference section */
		215545752F9E4B7E004C065D /* XCRemoteSwiftPackageReference "LNPopupUI" */ = {
			isa = XCRemoteSwiftPackageReference;
			repositoryURL = "https://github.com/LeoNatan/LNPopupUI";
			requirement = {
				kind = upToNextMajorVersion;
				minimumVersion = 3.0.2;
			};
		};
		216872832FAF8A0800A6006A /* XCRemoteSwiftPackageReference "FFmpeg-iOS" */ = {
			isa = XCRemoteSwiftPackageReference;
			repositoryURL = "https://github.com/kewlbear/FFmpeg-iOS.git";
			requirement = {
				kind = upToNextMajorVersion;
				minimumVersion = "0.0.6-b";
			};
		};
/* End XCRemoteSwiftPackageReference section */

/* Begin XCSwiftPackageProductDependency section */
		215545782F9E4B7E004C065D /* LNPopupUI-Static */ = {
			isa = XCSwiftPackageProductDependency;
			package = 215545752F9E4B7E004C065D /* XCRemoteSwiftPackageReference "LNPopupUI" */;
			productName = "LNPopupUI-Static";
		};
		216872842FAF8A0800A6006A /* FFmpeg-iOS */ = {
			isa = XCSwiftPackageProductDependency;
			package = 216872832FAF8A0800A6006A /* XCRemoteSwiftPackageReference "FFmpeg-iOS" */;
			productName = "FFmpeg-iOS";
		};
/* End XCSwiftPackageProductDependency section */
	};
	rootObject = 216EECBA2F9D1464004DEA56 /* Project object */;
}
